
Microsoft Visual Studio Solution File, Format Version 12.00
# Visual Studio 15
VisualStudioVersion = 15.0.28010.2026
MinimumVisualStudioVersion = 10.0.40219.1
Project("{9A19103F-16F7-4668-BE54-9A1E7A4F7556}") = "RoundedFrame", "RoundedFrame\RoundedFrame.csproj", "{3C393FAA-3070-4F09-BE17-5C863DAF50EC}"
EndProject
Global
	GlobalSection(SolutionConfigurationPlatforms) = preSolution
		Debug|Any CPU = Debug|Any CPU
		Release|Any CPU = Release|Any CPU
	EndGlobalSection
	GlobalSection(ProjectConfigurationPlatforms) = postSolution
		{3C393FAA-3070-4F09-BE17-5C863DAF50EC}.Debug|Any CPU.ActiveCfg = Debug|Any CPU
		{3C393FAA-3070-4F09-BE17-5C863DAF50EC}.Debug|Any CPU.Build.0 = Debug|Any CPU
		{3C393FAA-3070-4F09-BE17-5C863DAF50EC}.Release|Any CPU.ActiveCfg = Release|Any CPU
		{3C393FAA-3070-4F09-BE17-5C863DAF50EC}.Release|Any CPU.Build.0 = Release|Any CPU
	EndGlobalSection
	GlobalSection(SolutionProperties) = preSolution
		HideSolutionNode = FALSE
	EndGlobalSection
	GlobalSection(ExtensibilityGlobals) = postSolution
		SolutionGuid = {5B5BC313-0073-4F69-9403-BDD680562488}
	EndGlobalSection
EndGlobal
